
Microsoft Visual Studio Solution File, Format Version 12.00
# Visual Studio Version 16
VisualStudioVersion = 16.0.32126.315
MinimumVisualStudioVersion = 10.0.40219.1
Project("{8BC9CEB8-8B4A-11D0-8D11-00A0C91BC942}") = "assignment1", "assignment1\assignment1.vcxproj", "{CA3D1608-739F-4202-8292-3B1882F51F82}"
EndProject
Project("{8BC9CEB8-8B4A-11D0-8D11-00A0C91BC942}") = "assignment2", "assignment2\assignment2.vcxproj", "{210F47A8-4555-47DA-BE96-74663A06926F}"
EndProject
Project("{8BC9CEB8-8B4A-11D0-8D11-00A0C91BC942}") = "assignment0", "assignment0\assignment0.vcxproj", "{D1F72D8F-7875-4D93-A81E-524F211D6403}"
EndProject
Project("{8BC9CEB8-8B4A-11D0-8D11-00A0C91BC942}") = "assignment3", "assignment3\assignment3.vcxproj", "{9B717EAD-7DA2-45EC-9DF2-95F43162F399}"
EndProject
Project("{8BC9CEB8-8B4A-11D0-8D11-00A0C91BC942}") = "assignment4", "assignment4\assignment4.vcxproj", "{EACF347D-B0FA-47EF-8BCC-35A736C1CB5B}"
EndProject
Project("{8BC9CEB8-8B4A-11D0-8D11-00A0C91BC942}") = "assignment5", "assignment5\assignment5.vcxproj", "{CD3F26CD-5121-425E-8AD3-403BF4D7E5B4}"
EndProject
Project("{8BC9CEB8-8B4A-11D0-8D11-00A0C91BC942}") = "assignment6", "assignment6\assignment6.vcxproj", "{02CA239B-2746-4960-86E5-A9AC00F51199}"
EndProject
Project("{8BC9CEB8-8B4A-11D0-8D11-00A0C91BC942}") = "assignment7", "assignment7\assignment7.vcxproj", "{9E859DA5-1148-41F5-A653-C2F6A1FD8E85}"
EndProject
Project("{8BC9CEB8-8B4A-11D0-8D11-00A0C91BC942}") = "assignment8", "assignment8\assignment8.vcxproj", "{78A6BE85-8F94-43AA-9B58-2B42445B5389}"
EndProject
Global
	GlobalSection(SolutionConfigurationPlatforms) = preSolution
		Debug|x64 = Debug|x64
		Debug|x86 = Debug|x86
		Release|x64 = Release|x64
		Release|x86 = Release|x86
	EndGlobalSection
	GlobalSection(ProjectConfigurationPlatforms) = postSolution
		{CA3D1608-739F-4202-8292-3B1882F51F82}.Debug|x64.ActiveCfg = Debug|x64
		{CA3D1608-739F-4202-8292-3B1882F51F82}.Debug|x64.Build.0 = Debug|x64
		{CA3D1608-739F-4202-8292-3B1882F51F82}.Debug|x86.ActiveCfg = Debug|Win32
		{CA3D1608-739F-4202-8292-3B1882F51F82}.Debug|x86.Build.0 = Debug|Win32
		{CA3D1608-739F-4202-8292-3B1882F51F82}.Release|x64.ActiveCfg = Release|x64
		{CA3D1608-739F-4202-8292-3B1882F51F82}.Release|x64.Build.0 = Release|x64
		{CA3D1608-739F-4202-8292-3B1882F51F82}.Release|x86.ActiveCfg = Release|Win32
		{CA3D1608-739F-4202-8292-3B1882F51F82}.Release|x86.Build.0 = Release|Win32
		{210F47A8-4555-47DA-BE96-74663A06926F}.Debug|x64.ActiveCfg = Debug|x64
		{210F47A8-4555-47DA-BE96-74663A06926F}.Debug|x64.Build.0 = Debug|x64
		{210F47A8-4555-47DA-BE96-74663A06926F}.Debug|x86.ActiveCfg = Debug|Win32
		{210F47A8-4555-47DA-BE96-74663A06926F}.Debug|x86.Build.0 = Debug|Win32
		{210F47A8-4555-47DA-BE96-74663A06926F}.Release|x64.ActiveCfg = Release|x64
		{210F47A8-4555-47DA-BE96-74663A06926F}.Release|x64.Build.0 = Release|x64
		{210F47A8-4555-47DA-BE96-74663A06926F}.Release|x86.ActiveCfg = Release|Win32
		{210F47A8-4555-47DA-BE96-74663A06926F}.Release|x86.Build.0 = Release|Win32
		{D1F72D8F-7875-4D93-A81E-524F211D6403}.Debug|x64.ActiveCfg = Debug|x64
		{D1F72D8F-7875-4D93-A81E-524F211D6403}.Debug|x64.Build.0 = Debug|x64
		{D1F72D8F-7875-4D93-A81E-524F211D6403}.Debug|x86.ActiveCfg = Debug|Win32
		{D1F72D8F-7875-4D93-A81E-524F211D6403}.Debug|x86.Build.0 = Debug|Win32
		{D1F72D8F-7875-4D93-A81E-524F211D6403}.Release|x64.ActiveCfg = Release|x64
		{D1F72D8F-7875-4D93-A81E-524F211D6403}.Release|x64.Build.0 = Release|x64
		{D1F72D8F-7875-4D93-A81E-524F211D6403}.Release|x86.ActiveCfg = Release|Win32
		{D1F72D8F-7875-4D93-A81E-524F211D6403}.Release|x86.Build.0 = Release|Win32
		{9B717EAD-7DA2-45EC-9DF2-95F43162F399}.Debug|x64.ActiveCfg = Debug|x64
		{9B717EAD-7DA2-45EC-9DF2-95F43162F399}.Debug|x64.Build.0 = Debug|x64
		{9B717EAD-7DA2-45EC-9DF2-95F43162F399}.Debug|x86.ActiveCfg = Debug|Win32
		{9B717EAD-7DA2-45EC-9DF2-95F43162F399}.Debug|x86.Build.0 = Debug|Win32
		{9B717EAD-7DA2-45EC-9DF2-95F43162F399}.Release|x64.ActiveCfg = Release|x64
		{9B717EAD-7DA2-45EC-9DF2-95F43162F399}.Release|x64.Build.0 = Release|x64
		{9B717EAD-7DA2-45EC-9DF2-95F43162F399}.Release|x86.ActiveCfg = Release|Win32
		{9B717EAD-7DA2-45EC-9DF2-95F43162F399}.Release|x86.Build.0 = Release|Win32
		{EACF347D-B0FA-47EF-8BCC-35A736C1CB5B}.Debug|x64.ActiveCfg = Debug|x64
		{EACF347D-B0FA-47EF-8BCC-35A736C1CB5B}.Debug|x64.Build.0 = Debug|x64
		{EACF347D-B0FA-47EF-8BCC-35A736C1CB5B}.Debug|x86.ActiveCfg = Debug|Win32
		{EACF347D-B0FA-47EF-8BCC-35A736C1CB5B}.Debug|x86.Build.0 = Debug|Win32
		{EACF347D-B0FA-47EF-8BCC-35A736C1CB5B}.Release|x64.ActiveCfg = Release|x64
		{EACF347D-B0FA-47EF-8BCC-35A736C1CB5B}.Release|x64.Build.0 = Release|x64
		{EACF347D-B0FA-47EF-8BCC-35A736C1CB5B}.Release|x86.ActiveCfg = Release|Win32
		{EACF347D-B0FA-47EF-8BCC-35A736C1CB5B}.Release|x86.Build.0 = Release|Win32
		{CD3F26CD-5121-425E-8AD3-403BF4D7E5B4}.Debug|x64.ActiveCfg = Debug|x64
		{CD3F26CD-5121-425E-8AD3-403BF4D7E5B4}.Debug|x64.Build.0 = Debug|x64
		{CD3F26CD-5121-425E-8AD3-403BF4D7E5B4}.Debug|x86.ActiveCfg = Debug|Win32
		{CD3F26CD-5121-425E-8AD3-403BF4D7E5B4}.Debug|x86.Build.0 = Debug|Win32
		{CD3F26CD-5121-425E-8AD3-403BF4D7E5B4}.Release|x64.ActiveCfg = Release|x64
		{CD3F26CD-5121-425E-8AD3-403BF4D7E5B4}.Release|x64.Build.0 = Release|x64
		{CD3F26CD-5121-425E-8AD3-403BF4D7E5B4}.Release|x86.ActiveCfg = Release|Win32
		{CD3F26CD-5121-425E-8AD3-403BF4D7E5B4}.Release|x86.Build.0 = Release|Win32
		{02CA239B-2746-4960-86E5-A9AC00F51199}.Debug|x64.ActiveCfg = Debug|x64
		{02CA239B-2746-4960-86E5-A9AC00F51199}.Debug|x64.Build.0 = Debug|x64
		{02CA239B-2746-4960-86E5-A9AC00F51199}.Debug|x86.ActiveCfg = Debug|Win32
		{02CA239B-2746-4960-86E5-A9AC00F51199}.Debug|x86.Build.0 = Debug|Win32
		{02CA239B-2746-4960-86E5-A9AC00F51199}.Release|x64.ActiveCfg = Release|x64
		{02CA239B-2746-4960-86E5-A9AC00F51199}.Release|x64.Build.0 = Release|x64
		{02CA239B-2746-4960-86E5-A9AC00F51199}.Release|x86.ActiveCfg = Release|Win32
		{02CA239B-2746-4960-86E5-A9AC00F51199}.Release|x86.Build.0 = Release|Win32
		{9E859DA5-1148-41F5-A653-C2F6A1FD8E85}.Debug|x64.ActiveCfg = Debug|x64
		{9E859DA5-1148-41F5-A653-C2F6A1FD8E85}.Debug|x64.Build.0 = Debug|x64
		{9E859DA5-1148-41F5-A653-C2F6A1FD8E85}.Debug|x86.ActiveCfg = Debug|Win32
		{9E859DA5-1148-41F5-A653-C2F6A1FD8E85}.Debug|x86.Build.0 = Debug|Win32
		{9E859DA5-1148-41F5-A653-C2F6A1FD8E85}.Release|x64.ActiveCfg = Release|x64
		{9E859DA5-1148-41F5-A653-C2F6A1FD8E85}.Release|x64.Build.0 = Release|x64
		{9E859DA5-1148-41F5-A653-C2F6A1FD8E85}.Release|x86.ActiveCfg = Release|Win32
		{9E859DA5-1148-41F5-A653-C2F6A1FD8E85}.Release|x86.Build.0 = Release|Win32
		{78A6BE85-8F94-43AA-9B58-2B42445B5389}.Debug|x64.ActiveCfg = Debug|x64
		{78A6BE85-8F94-43AA-9B58-2B42445B5389}.Debug|x64.Build.0 = Debug|x64
		{78A6BE85-8F94-43AA-9B58-2B42445B5389}.Debug|x86.ActiveCfg = Debug|Win32
		{78A6BE85-8F94-43AA-9B58-2B42445B5389}.Debug|x86.Build.0 = Debug|Win32
		{78A6BE85-8F94-43AA-9B58-2B42445B5389}.Release|x64.ActiveCfg = Release|x64
		{78A6BE85-8F94-43AA-9B58-2B42445B5389}.Release|x64.Build.0 = Release|x64
		{78A6BE85-8F94-43AA-9B58-2B42445B5389}.Release|x86.ActiveCfg = Release|Win32
		{78A6BE85-8F94-43AA-9B58-2B42445B5389}.Release|x86.Build.0 = Release|Win32
	EndGlobalSection
	GlobalSection(SolutionProperties) = preSolution
		HideSolutionNode = FALSE
	EndGlobalSection
	GlobalSection(ExtensibilityGlobals) = postSolution
		SolutionGuid = {21F50AF3-7D43-418E-8A07-5B5DFF2F6A90}
	EndGlobalSection
EndGlobal
